{
  "originHash": "917a2b512148612347b307b5f8d624e74df48af36fa322c80901a86fc0e1317f",
  "pins": [
    {
      "identity": "anisettekit",
      "kind": "remoteSourceControl",
      "location": "https://github.com/mahee96/AnisetteKit.git",
      "state": {
        "branch": "main",
        "revision": "db8b41022697b6c19be8a5f01a1ce834145a2a26"
      }
    },
    {
      "identity": "codesignkit",
      "kind": "remoteSourceControl",
      "location": "https://github.com/mahee96/CodeSignKit.git",
      "state": {
        "branch": "main",
        "revision": "d0c67710fda9a2646b9e829cb2cf443892728371"
      }
    },
    {
      "identity": "gsacryptokit",
      "kind": "remoteSourceControl",
      "location": "https://github.com/mahee96/GSACryptoKit.git",
      "state": {
        "branch": "main",
        "revision": "eae2590eaf17fe98ce9c76b3ec2bd42b780eb123"
      }
    },
    {
      "identity": "kingfisher",
      "kind": "remoteSourceControl",
      "location": "https://github.com/onevcat/Kingfisher.git",
      "state": {
        "revision": "d30a5fad881137e2267f96a8e3fc35c58999bb94",
        "version": "8.6.2"
      }
    },
    {
      "identity": "libdeflate",
      "kind": "remoteSourceControl",
      "location": "https://github.com/SideStore/libdeflate",
      "state": {
        "branch": "master",
        "revision": "da6c7dae03b78dc71af973664575e4209786fbfe"
      }
    },
    {
      "identity": "sidesign",
      "kind": "remoteSourceControl",
      "location": "https://github.com/SideStore/SideSign.git",
      "state": {
        "revision": "6b68651697f99791ef85404b7aea1891a26a285d"
      }
    },
    {
      "identity": "swift-asn1",
      "kind": "remoteSourceControl",
      "location": "https://github.com/apple/swift-asn1.git",
      "state": {
        "revision": "9f542610331815e29cc3821d3b6f488db8715517",
        "version": "1.6.0"
      }
    },
    {
      "identity": "swift-crypto",
      "kind": "remoteSourceControl",
      "location": "https://github.com/apple/swift-crypto.git",
      "state": {
        "revision": "bb4ba815dab96d4edc1e0b86d7b9acf9ff973a84",
        "version": "4.3.1"
      }
    }
  ],
  "version": 3
}
